// !$*UTF8*$!
{
	archiveVersion = 1;
	classes = {
	};
	objectVersion = 55;
	objects = {

/* Begin PBXBuildFile section */
		DE4A97732808A5DD00838E14 /* MovieCollectionViewCell.swift in Sources */ = {isa = PBXBuildFile; fileRef = DE4A97722808A5DC00838E14 /* MovieCollectionViewCell.swift */; };
		DE4A97752808A79200838E14 /* MovieViewModel.swift in Sources */ = {isa = PBXBuildFile; fileRef = DE4A97742808A79200838E14 /* MovieViewModel.swift */; };
		DE4A97772808A85300838E14 /* FavouriteMovieCollectionViewCell.swift in Sources */ = {isa = PBXBuildFile; fileRef = DE4A97762808A85300838E14 /* FavouriteMovieCollectionViewCell.swift */; };
		DE4A977A2808BCA200838E14 /* MoviesCollectionReusableView.swift in Sources */ = {isa = PBXBuildFile; fileRef = DE4A97792808BCA200838E14 /* MoviesCollectionReusableView.swift */; };
		DE4A9780280B4BB700838E14 /* BaseVIPER.swift in Sources */ = {isa = PBXBuildFile; fileRef = DE4A977F280B4BB700838E14 /* BaseVIPER.swift */; };
		DE4A9782280B4C8B00838E14 /* BaseWireframe.swift in Sources */ = {isa = PBXBuildFile; fileRef = DE4A9781280B4C8B00838E14 /* BaseWireframe.swift */; };
		DE4A9785280B4DD000838E14 /* MoviesPresenter.swift in Sources */ = {isa = PBXBuildFile; fileRef = DE4A9784280B4DD000838E14 /* MoviesPresenter.swift */; };
		DE4A9787280B4E2A00838E14 /* MoviesProtocols.swift in Sources */ = {isa = PBXBuildFile; fileRef = DE4A9786280B4E2A00838E14 /* MoviesProtocols.swift */; };
		DE4A978A280B548800838E14 /* MoviesInteractor.swift in Sources */ = {isa = PBXBuildFile; fileRef = DE4A9789280B548800838E14 /* MoviesInteractor.swift */; };
		DE4A978C280B588700838E14 /* MoviesWireframe.swift in Sources */ = {isa = PBXBuildFile; fileRef = DE4A978B280B588700838E14 /* MoviesWireframe.swift */; };
		DE4A978F280BAE1200838E14 /* Favourite.swift in Sources */ = {isa = PBXBuildFile; fileRef = DE4A978E280BAE1200838E14 /* Favourite.swift */; };
		DE4A9791280BAFC200838E14 /* MoviesSections.swift in Sources */ = {isa = PBXBuildFile; fileRef = DE4A9790280BAFC200838E14 /* MoviesSections.swift */; };
		DEAFB9E128077B1F008BE02E /* AppDelegate.swift in Sources */ = {isa = PBXBuildFile; fileRef = DEAFB9E028077B1F008BE02E /* AppDelegate.swift */; };
		DEAFB9E328077B1F008BE02E /* SceneDelegate.swift in Sources */ = {isa = PBXBuildFile; fileRef = DEAFB9E228077B1F008BE02E /* SceneDelegate.swift */; };
		DEAFB9EA28077B23008BE02E /* Assets.xcassets in Resources */ = {isa = PBXBuildFile; fileRef = DEAFB9E928077B23008BE02E /* Assets.xcassets */; };
		DEAFB9ED28077B23008BE02E /* LaunchScreen.storyboard in Resources */ = {isa = PBXBuildFile; fileRef = DEAFB9EB28077B23008BE02E /* LaunchScreen.storyboard */; };
		DEAFB9FD28078013008BE02E /* Movie.swift in Sources */ = {isa = PBXBuildFile; fileRef = DEAFB9FC28078013008BE02E /* Movie.swift */; };
		DEAFB9FF28078259008BE02E /* JSONWrapper.swift in Sources */ = {isa = PBXBuildFile; fileRef = DEAFB9FE28078259008BE02E /* JSONWrapper.swift */; };
		DEAFBA0228078300008BE02E /* MoviesRepository.swift in Sources */ = {isa = PBXBuildFile; fileRef = DEAFBA0128078300008BE02E /* MoviesRepository.swift */; };
		DEAFBA0528078640008BE02E /* UIColor+Constants.swift in Sources */ = {isa = PBXBuildFile; fileRef = DEAFBA0428078640008BE02E /* UIColor+Constants.swift */; };
		DEAFBA07280786EC008BE02E /* BaseViewController.swift in Sources */ = {isa = PBXBuildFile; fileRef = DEAFBA06280786EC008BE02E /* BaseViewController.swift */; };
		DEAFBA0B2807896A008BE02E /* MoviesViewController.swift in Sources */ = {isa = PBXBuildFile; fileRef = DEAFBA0A2807896A008BE02E /* MoviesViewController.swift */; };
		DEAFBA1428078BD1008BE02E /* CGFloat+Constants.swift in Sources */ = {isa = PBXBuildFile; fileRef = DEAFBA1328078BD1008BE02E /* CGFloat+Constants.swift */; };
		DEAFBA172807933C008BE02E /* UIView+Helper.swift in Sources */ = {isa = PBXBuildFile; fileRef = DEAFBA162807933C008BE02E /* UIView+Helper.swift */; };
		DEAFBA192807974A008BE02E /* UIImageView + Caching.swift in Sources */ = {isa = PBXBuildFile; fileRef = DEAFBA182807974A008BE02E /* UIImageView + Caching.swift */; };
		DEAFBA222807B3FB008BE02E /* UIFont+Constants.swift in Sources */ = {isa = PBXBuildFile; fileRef = DEAFBA212807B3FB008BE02E /* UIFont+Constants.swift */; };
/* End PBXBuildFile section */

/* Begin PBXFileReference section */
		DE4A97722808A5DC00838E14 /* MovieCollectionViewCell.swift */ = {isa = PBXFileReference; lastKnownFileType = sourcecode.swift; path = MovieCollectionViewCell.swift; sourceTree = "<group>"; };
		DE4A97742808A79200838E14 /* MovieViewModel.swift */ = {isa = PBXFileReference; lastKnownFileType = sourcecode.swift; path = MovieViewModel.swift; sourceTree = "<group>"; };
		DE4A97762808A85300838E14 /* FavouriteMovieCollectionViewCell.swift */ = {isa = PBXFileReference; lastKnownFileType = sourcecode.swift; path = FavouriteMovieCollectionViewCell.swift; sourceTree = "<group>"; };
		DE4A97792808BCA200838E14 /* MoviesCollectionReusableView.swift */ = {isa = PBXFileReference; lastKnownFileType = sourcecode.swift; path = MoviesCollectionReusableView.swift; sourceTree = "<group>"; };
		DE4A977F280B4BB700838E14 /* BaseVIPER.swift */ = {isa = PBXFileReference; lastKnownFileType = sourcecode.swift; path = BaseVIPER.swift; sourceTree = "<group>"; };
		DE4A9781280B4C8B00838E14 /* BaseWireframe.swift */ = {isa = PBXFileReference; lastKnownFileType = sourcecode.swift; path = BaseWireframe.swift; sourceTree = "<group>"; };
		DE4A9784280B4DD000838E14 /* MoviesPresenter.swift */ = {isa = PBXFileReference; lastKnownFileType = sourcecode.swift; path = MoviesPresenter.swift; sourceTree = "<group>"; };
		DE4A9786280B4E2A00838E14 /* MoviesProtocols.swift */ = {isa = PBXFileReference; lastKnownFileType = sourcecode.swift; path = MoviesProtocols.swift; sourceTree = "<group>"; };
		DE4A9789280B548800838E14 /* MoviesInteractor.swift */ = {isa = PBXFileReference; lastKnownFileType = sourcecode.swift; path = MoviesInteractor.swift; sourceTree = "<group>"; };
		DE4A978B280B588700838E14 /* MoviesWireframe.swift */ = {isa = PBXFileReference; lastKnownFileType = sourcecode.swift; path = MoviesWireframe.swift; sourceTree = "<group>"; };
		DE4A978E280BAE1200838E14 /* Favourite.swift */ = {isa = PBXFileReference; lastKnownFileType = sourcecode.swift; path = Favourite.swift; sourceTree = "<group>"; };
		DE4A9790280BAFC200838E14 /* MoviesSections.swift */ = {isa = PBXFileReference; lastKnownFileType = sourcecode.swift; path = MoviesSections.swift; sourceTree = "<group>"; };
		DEAFB9DD28077B1F008BE02E /* Movies.app */ = {isa = PBXFileReference; explicitFileType = wrapper.application; includeInIndex = 0; path = Movies.app; sourceTree = BUILT_PRODUCTS_DIR; };
		DEAFB9E028077B1F008BE02E /* AppDelegate.swift */ = {isa = PBXFileReference; lastKnownFileType = sourcecode.swift; path = AppDelegate.swift; sourceTree = "<group>"; };
		DEAFB9E228077B1F008BE02E /* SceneDelegate.swift */ = {isa = PBXFileReference; lastKnownFileType = sourcecode.swift; path = SceneDelegate.swift; sourceTree = "<group>"; };
		DEAFB9E928077B23008BE02E /* Assets.xcassets */ = {isa = PBXFileReference; lastKnownFileType = folder.assetcatalog; path = Assets.xcassets; sourceTree = "<group>"; };
		DEAFB9EC28077B23008BE02E /* Base */ = {isa = PBXFileReference; lastKnownFileType = file.storyboard; name = Base; path = Base.lproj/LaunchScreen.storyboard; sourceTree = "<group>"; };
		DEAFB9EE28077B23008BE02E /* Info.plist */ = {isa = PBXFileReference; lastKnownFileType = text.plist.xml; path = Info.plist; sourceTree = "<group>"; };
		DEAFB9FC28078013008BE02E /* Movie.swift */ = {isa = PBXFileReference; lastKnownFileType = sourcecode.swift; path = Movie.swift; sourceTree = "<group>"; };
		DEAFB9FE28078259008BE02E /* JSONWrapper.swift */ = {isa = PBXFileReference; lastKnownFileType = sourcecode.swift; path = JSONWrapper.swift; sourceTree = "<group>"; };
		DEAFBA0128078300008BE02E /* MoviesRepository.swift */ = {isa = PBXFileReference; lastKnownFileType = sourcecode.swift; path = MoviesRepository.swift; sourceTree = "<group>"; };
		DEAFBA0428078640008BE02E /* UIColor+Constants.swift */ = {isa = PBXFileReference; lastKnownFileType = sourcecode.swift; path = "UIColor+Constants.swift"; sourceTree = "<group>"; };
		DEAFBA06280786EC008BE02E /* BaseViewController.swift */ = {isa = PBXFileReference; lastKnownFileType = sourcecode.swift; path = BaseViewController.swift; sourceTree = "<group>"; };
		DEAFBA0A2807896A008BE02E /* MoviesViewController.swift */ = {isa = PBXFileReference; lastKnownFileType = sourcecode.swift; path = MoviesViewController.swift; sourceTree = "<group>"; };
		DEAFBA1328078BD1008BE02E /* CGFloat+Constants.swift */ = {isa = PBXFileReference; lastKnownFileType = sourcecode.swift; path = "CGFloat+Constants.swift"; sourceTree = "<group>"; };
		DEAFBA162807933C008BE02E /* UIView+Helper.swift */ = {isa = PBXFileReference; lastKnownFileType = sourcecode.swift; path = "UIView+Helper.swift"; sourceTree = "<group>"; };
		DEAFBA182807974A008BE02E /* UIImageView + Caching.swift */ = {isa = PBXFileReference; lastKnownFileType = sourcecode.swift; path = "UIImageView + Caching.swift"; sourceTree = "<group>"; };
		DEAFBA212807B3FB008BE02E /* UIFont+Constants.swift */ = {isa = PBXFileReference; lastKnownFileType = sourcecode.swift; path = "UIFont+Constants.swift"; sourceTree = "<group>"; };
/* End PBXFileReference section */

/* Begin PBXFrameworksBuildPhase section */
		DEAFB9DA28077B1F008BE02E /* Frameworks */ = {
			isa = PBXFrameworksBuildPhase;
			buildActionMask = 2147483647;
			files = (
			);
			runOnlyForDeploymentPostprocessing = 0;
		};
/* End PBXFrameworksBuildPhase section */

/* Begin PBXGroup section */
		DE4A97712808A53B00838E14 /* MovieCollectionViewCell */ = {
			isa = PBXGroup;
			children = (
				DE4A97722808A5DC00838E14 /* MovieCollectionViewCell.swift */,
				DE4A97762808A85300838E14 /* FavouriteMovieCollectionViewCell.swift */,
			);
			path = MovieCollectionViewCell;
			sourceTree = "<group>";
		};
		DE4A97782808BC8B00838E14 /* SectionHeader */ = {
			isa = PBXGroup;
			children = (
				DE4A97792808BCA200838E14 /* MoviesCollectionReusableView.swift */,
			);
			path = SectionHeader;
			sourceTree = "<group>";
		};
		DE4A9792280BB13B00838E14 /* View */ = {
			isa = PBXGroup;
			children = (
				DEAFBA0A2807896A008BE02E /* MoviesViewController.swift */,
				DE4A9790280BAFC200838E14 /* MoviesSections.swift */,
				DEAFBA1528078C2F008BE02E /* Cells */,
				DE4A97782808BC8B00838E14 /* SectionHeader */,
			);
			path = View;
			sourceTree = "<group>";
		};
		DEAFB9D428077B1F008BE02E = {
			isa = PBXGroup;
			children = (
				DEAFB9DF28077B1F008BE02E /* Movies */,
				DEAFB9DE28077B1F008BE02E /* Products */,
			);
			sourceTree = "<group>";
		};
		DEAFB9DE28077B1F008BE02E /* Products */ = {
			isa = PBXGroup;
			children = (
				DEAFB9DD28077B1F008BE02E /* Movies.app */,
			);
			name = Products;
			sourceTree = "<group>";
		};
		DEAFB9DF28077B1F008BE02E /* Movies */ = {
			isa = PBXGroup;
			children = (
				DEAFB9F428077BAF008BE02E /* Application */,
				DEAFBA0328078583008BE02E /* Library */,
				DEAFBA00280782DF008BE02E /* DataRepository */,
				DEAFB9FB28077FFD008BE02E /* Entities */,
				DEAFBA08280788F6008BE02E /* Modules */,
				DEAFB9F528077BEA008BE02E /* Resources */,
			);
			path = Movies;
			sourceTree = "<group>";
		};
		DEAFB9F428077BAF008BE02E /* Application */ = {
			isa = PBXGroup;
			children = (
				DEAFB9E028077B1F008BE02E /* AppDelegate.swift */,
				DEAFB9E228077B1F008BE02E /* SceneDelegate.swift */,
			);
			path = Application;
			sourceTree = "<group>";
		};
		DEAFB9F528077BEA008BE02E /* Resources */ = {
			isa = PBXGroup;
			children = (
				DEAFB9E928077B23008BE02E /* Assets.xcassets */,
				DEAFB9EB28077B23008BE02E /* LaunchScreen.storyboard */,
				DEAFB9EE28077B23008BE02E /* Info.plist */,
			);
			path = Resources;
			sourceTree = "<group>";
		};
		DEAFB9FB28077FFD008BE02E /* Entities */ = {
			isa = PBXGroup;
			children = (
				DEAFB9FC28078013008BE02E /* Movie.swift */,
				DE4A978E280BAE1200838E14 /* Favourite.swift */,
			);
			path = Entities;
			sourceTree = "<group>";
		};
		DEAFBA00280782DF008BE02E /* DataRepository */ = {
			isa = PBXGroup;
			children = (
				DEAFBA0128078300008BE02E /* MoviesRepository.swift */,
			);
			path = DataRepository;
			sourceTree = "<group>";
		};
		DEAFBA0328078583008BE02E /* Library */ = {
			isa = PBXGroup;
			children = (
				DEAFBA06280786EC008BE02E /* BaseViewController.swift */,
				DE4A977F280B4BB700838E14 /* BaseVIPER.swift */,
				DEAFBA1328078BD1008BE02E /* CGFloat+Constants.swift */,
				DEAFB9FE28078259008BE02E /* JSONWrapper.swift */,
				DEAFBA0428078640008BE02E /* UIColor+Constants.swift */,
				DEAFBA212807B3FB008BE02E /* UIFont+Constants.swift */,
				DEAFBA182807974A008BE02E /* UIImageView + Caching.swift */,
				DEAFBA162807933C008BE02E /* UIView+Helper.swift */,
				DE4A9781280B4C8B00838E14 /* BaseWireframe.swift */,
			);
			path = Library;
			sourceTree = "<group>";
		};
		DEAFBA08280788F6008BE02E /* Modules */ = {
			isa = PBXGroup;
			children = (
				DEAFBA0928078959008BE02E /* Movies */,
			);
			path = Modules;
			sourceTree = "<group>";
		};
		DEAFBA0928078959008BE02E /* Movies */ = {
			isa = PBXGroup;
			children = (
				DE4A9792280BB13B00838E14 /* View */,
				DE4A9786280B4E2A00838E14 /* MoviesProtocols.swift */,
				DE4A9784280B4DD000838E14 /* MoviesPresenter.swift */,
				DE4A9789280B548800838E14 /* MoviesInteractor.swift */,
				DE4A978B280B588700838E14 /* MoviesWireframe.swift */,
				DE4A97742808A79200838E14 /* MovieViewModel.swift */,
			);
			path = Movies;
			sourceTree = "<group>";
		};
		DEAFBA1528078C2F008BE02E /* Cells */ = {
			isa = PBXGroup;
			children = (
				DE4A97712808A53B00838E14 /* MovieCollectionViewCell */,
			);
			path = Cells;
			sourceTree = "<group>";
		};
/* End PBXGroup section */

/* Begin PBXNativeTarget section */
		DEAFB9DC28077B1F008BE02E /* Movies */ = {
			isa = PBXNativeTarget;
			buildConfigurationList = DEAFB9F128077B23008BE02E /* Build configuration list for PBXNativeTarget "Movies" */;
			buildPhases = (
				DEAFB9D928077B1F008BE02E /* Sources */,
				DEAFB9DA28077B1F008BE02E /* Frameworks */,
				DEAFB9DB28077B1F008BE02E /* Resources */,
			);
			buildRules = (
			);
			dependencies = (
			);
			name = Movies;
			productName = Movies;
			productReference = DEAFB9DD28077B1F008BE02E /* Movies.app */;
			productType = "com.apple.product-type.application";
		};
/* End PBXNativeTarget section */

/* Begin PBXProject section */
		DEAFB9D528077B1F008BE02E /* Project object */ = {
			isa = PBXProject;
			attributes = {
				BuildIndependentTargetsInParallel = 1;
				LastSwiftUpdateCheck = 1300;
				LastUpgradeCheck = 1300;
				TargetAttributes = {
					DEAFB9DC28077B1F008BE02E = {
						CreatedOnToolsVersion = 13.0;
					};
				};
			};
			buildConfigurationList = DEAFB9D828077B1F008BE02E /* Build configuration list for PBXProject "Movies" */;
			compatibilityVersion = "Xcode 13.0";
			developmentRegion = en;
			hasScannedForEncodings = 0;
			knownRegions = (
				en,
				Base,
			);
			mainGroup = DEAFB9D428077B1F008BE02E;
			productRefGroup = DEAFB9DE28077B1F008BE02E /* Products */;
			projectDirPath = "";
			projectRoot = "";
			targets = (
				DEAFB9DC28077B1F008BE02E /* Movies */,
			);
		};
/* End PBXProject section */

/* Begin PBXResourcesBuildPhase section */
		DEAFB9DB28077B1F008BE02E /* Resources */ = {
			isa = PBXResourcesBuildPhase;
			buildActionMask = 2147483647;
			files = (
				DEAFB9ED28077B23008BE02E /* LaunchScreen.storyboard in Resources */,
				DEAFB9EA28077B23008BE02E /* Assets.xcassets in Resources */,
			);
			runOnlyForDeploymentPostprocessing = 0;
		};
/* End PBXResourcesBuildPhase section */

/* Begin PBXSourcesBuildPhase section */
		DEAFB9D928077B1F008BE02E /* Sources */ = {
			isa = PBXSourcesBuildPhase;
			buildActionMask = 2147483647;
			files = (
				DE4A97772808A85300838E14 /* FavouriteMovieCollectionViewCell.swift in Sources */,
				DE4A977A2808BCA200838E14 /* MoviesCollectionReusableView.swift in Sources */,
				DEAFB9FF28078259008BE02E /* JSONWrapper.swift in Sources */,
				DEAFBA0B2807896A008BE02E /* MoviesViewController.swift in Sources */,
				DEAFBA172807933C008BE02E /* UIView+Helper.swift in Sources */,
				DEAFBA1428078BD1008BE02E /* CGFloat+Constants.swift in Sources */,
				DE4A9791280BAFC200838E14 /* MoviesSections.swift in Sources */,
				DEAFBA0528078640008BE02E /* UIColor+Constants.swift in Sources */,
				DEAFB9FD28078013008BE02E /* Movie.swift in Sources */,
				DEAFBA07280786EC008BE02E /* BaseViewController.swift in Sources */,
				DEAFBA192807974A008BE02E /* UIImageView + Caching.swift in Sources */,
				DE4A978A280B548800838E14 /* MoviesInteractor.swift in Sources */,
				DE4A978F280BAE1200838E14 /* Favourite.swift in Sources */,
				DEAFBA0228078300008BE02E /* MoviesRepository.swift in Sources */,
				DEAFBA222807B3FB008BE02E /* UIFont+Constants.swift in Sources */,
				DEAFB9E128077B1F008BE02E /* AppDelegate.swift in Sources */,
				DE4A9787280B4E2A00838E14 /* MoviesProtocols.swift in Sources */,
				DE4A9780280B4BB700838E14 /* BaseVIPER.swift in Sources */,
				DE4A9785280B4DD000838E14 /* MoviesPresenter.swift in Sources */,
				DEAFB9E328077B1F008BE02E /* SceneDelegate.swift in Sources */,
				DE4A97732808A5DD00838E14 /* MovieCollectionViewCell.swift in Sources */,
				DE4A978C280B588700838E14 /* MoviesWireframe.swift in Sources */,
				DE4A97752808A79200838E14 /* MovieViewModel.swift in Sources */,
				DE4A9782280B4C8B00838E14 /* BaseWireframe.swift in Sources */,
			);
			runOnlyForDeploymentPostprocessing = 0;
		};
/* End PBXSourcesBuildPhase section */

/* Begin PBXVariantGroup section */
		DEAFB9EB28077B23008BE02E /* LaunchScreen.storyboard */ = {
			isa = PBXVariantGroup;
			children = (
				DEAFB9EC28077B23008BE02E /* Base */,
			);
			name = LaunchScreen.storyboard;
			sourceTree = "<group>";
		};
/* End PBXVariantGroup section */

/* Begin XCBuildConfiguration section */
		DEAFB9EF28077B23008BE02E /* Debug */ = {
			isa = XCBuildConfiguration;
			buildSettings = {
				ALWAYS_SEARCH_USER_PATHS = NO;
				CLANG_ANALYZER_NONNULL = YES;
				CLANG_ANALYZER_NUMBER_OBJECT_CONVERSION = YES_AGGRESSIVE;
				CLANG_CXX_LANGUAGE_STANDARD = "gnu++17";
				CLANG_CXX_LIBRARY = "libc++";
				CLANG_ENABLE_MODULES = YES;
				CLANG_ENABLE_OBJC_ARC = YES;
				CLANG_ENABLE_OBJC_WEAK = YES;
				CLANG_WARN_BLOCK_CAPTURE_AUTORELEASING = YES;
				CLANG_WARN_BOOL_CONVERSION = YES;
				CLANG_WARN_COMMA = YES;
				CLANG_WARN_CONSTANT_CONVERSION = YES;
				CLANG_WARN_DEPRECATED_OBJC_IMPLEMENTATIONS = YES;
				CLANG_WARN_DIRECT_OBJC_ISA_USAGE = YES_ERROR;
				CLANG_WARN_DOCUMENTATION_COMMENTS = YES;
				CLANG_WARN_EMPTY_BODY = YES;
				CLANG_WARN_ENUM_CONVERSION = YES;
				CLANG_WARN_INFINITE_RECURSION = YES;
				CLANG_WARN_INT_CONVERSION = YES;
				CLANG_WARN_NON_LITERAL_NULL_CONVERSION = YES;
				CLANG_WARN_OBJC_IMPLICIT_RETAIN_SELF = YES;
				CLANG_WARN_OBJC_LITERAL_CONVERSION = YES;
				CLANG_WARN_OBJC_ROOT_CLASS = YES_ERROR;
				CLANG_WARN_QUOTED_INCLUDE_IN_FRAMEWORK_HEADER = YES;
				CLANG_WARN_RANGE_LOOP_ANALYSIS = YES;
				CLANG_WARN_STRICT_PROTOTYPES = YES;
				CLANG_WARN_SUSPICIOUS_MOVE = YES;
				CLANG_WARN_UNGUARDED_AVAILABILITY = YES_AGGRESSIVE;
				CLANG_WARN_UNREACHABLE_CODE = YES;
				CLANG_WARN__DUPLICATE_METHOD_MATCH = YES;
				COPY_PHASE_STRIP = NO;
				DEBUG_INFORMATION_FORMAT = dwarf;
				ENABLE_STRICT_OBJC_MSGSEND = YES;
				ENABLE_TESTABILITY = YES;
				GCC_C_LANGUAGE_STANDARD = gnu11;
				GCC_DYNAMIC_NO_PIC = NO;
				GCC_NO_COMMON_BLOCKS = YES;
				GCC_OPTIMIZATION_LEVEL = 0;
				GCC_PREPROCESSOR_DEFINITIONS = (
					"DEBUG=1",
					"$(inherited)",
				);
				GCC_WARN_64_TO_32_BIT_CONVERSION = YES;
				GCC_WARN_ABOUT_RETURN_TYPE = YES_ERROR;
				GCC_WARN_UNDECLARED_SELECTOR = YES;
				GCC_WARN_UNINITIALIZED_AUTOS = YES_AGGRESSIVE;
				GCC_WARN_UNUSED_FUNCTION = YES;
				GCC_WARN_UNUSED_VARIABLE = YES;
				IPHONEOS_DEPLOYMENT_TARGET = 15.0;
				MTL_ENABLE_DEBUG_INFO = INCLUDE_SOURCE;
				MTL_FAST_MATH = YES;
				ONLY_ACTIVE_ARCH = YES;
				SDKROOT = iphoneos;
				SWIFT_ACTIVE_COMPILATION_CONDITIONS = DEBUG;
				SWIFT_OPTIMIZATION_LEVEL = "-Onone";
			};
			name = Debug;
		};
		DEAFB9F028077B23008BE02E /* Release */ = {
			isa = XCBuildConfiguration;
			buildSettings = {
				ALWAYS_SEARCH_USER_PATHS = NO;
				CLANG_ANALYZER_NONNULL = YES;
				CLANG_ANALYZER_NUMBER_OBJECT_CONVERSION = YES_AGGRESSIVE;
				CLANG_CXX_LANGUAGE_STANDARD = "gnu++17";
				CLANG_CXX_LIBRARY = "libc++";
				CLANG_ENABLE_MODULES = YES;
				CLANG_ENABLE_OBJC_ARC = YES;
				CLANG_ENABLE_OBJC_WEAK = YES;
				CLANG_WARN_BLOCK_CAPTURE_AUTORELEASING = YES;
				CLANG_WARN_BOOL_CONVERSION = YES;
				CLANG_WARN_COMMA = YES;
				CLANG_WARN_CONSTANT_CONVERSION = YES;
				CLANG_WARN_DEPRECATED_OBJC_IMPLEMENTATIONS = YES;
				CLANG_WARN_DIRECT_OBJC_ISA_USAGE = YES_ERROR;
				CLANG_WARN_DOCUMENTATION_COMMENTS = YES;
				CLANG_WARN_EMPTY_BODY = YES;
				CLANG_WARN_ENUM_CONVERSION = YES;
				CLANG_WARN_INFINITE_RECURSION = YES;
				CLANG_WARN_INT_CONVERSION = YES;
				CLANG_WARN_NON_LITERAL_NULL_CONVERSION = YES;
				CLANG_WARN_OBJC_IMPLICIT_RETAIN_SELF = YES;
				CLANG_WARN_OBJC_LITERAL_CONVERSION = YES;
				CLANG_WARN_OBJC_ROOT_CLASS = YES_ERROR;
				CLANG_WARN_QUOTED_INCLUDE_IN_FRAMEWORK_HEADER = YES;
				CLANG_WARN_RANGE_LOOP_ANALYSIS = YES;
				CLANG_WARN_STRICT_PROTOTYPES = YES;
				CLANG_WARN_SUSPICIOUS_MOVE = YES;
				CLANG_WARN_UNGUARDED_AVAILABILITY = YES_AGGRESSIVE;
				CLANG_WARN_UNREACHABLE_CODE = YES;
				CLANG_WARN__DUPLICATE_METHOD_MATCH = YES;
				COPY_PHASE_STRIP = NO;
				DEBUG_INFORMATION_FORMAT = "dwarf-with-dsym";
				ENABLE_NS_ASSERTIONS = NO;
				ENABLE_STRICT_OBJC_MSGSEND = YES;
				GCC_C_LANGUAGE_STANDARD = gnu11;
				GCC_NO_COMMON_BLOCKS = YES;
				GCC_WARN_64_TO_32_BIT_CONVERSION = YES;
				GCC_WARN_ABOUT_RETURN_TYPE = YES_ERROR;
				GCC_WARN_UNDECLARED_SELECTOR = YES;
				GCC_WARN_UNINITIALIZED_AUTOS = YES_AGGRESSIVE;
				GCC_WARN_UNUSED_FUNCTION = YES;
				GCC_WARN_UNUSED_VARIABLE = YES;
				IPHONEOS_DEPLOYMENT_TARGET = 15.0;
				MTL_ENABLE_DEBUG_INFO = NO;
				MTL_FAST_MATH = YES;
				SDKROOT = iphoneos;
				SWIFT_COMPILATION_MODE = wholemodule;
				SWIFT_OPTIMIZATION_LEVEL = "-O";
				VALIDATE_PRODUCT = YES;
			};
			name = Release;
		};
		DEAFB9F228077B23008BE02E /* Debug */ = {
			isa = XCBuildConfiguration;
			buildSettings = {
				ASSETCATALOG_COMPILER_APPICON_NAME = AppIcon;
				ASSETCATALOG_COMPILER_GLOBAL_ACCENT_COLOR_NAME = AccentColor;
				CODE_SIGN_STYLE = Automatic;
				CURRENT_PROJECT_VERSION = 1;
				GENERATE_INFOPLIST_FILE = YES;
				INFOPLIST_FILE = Movies/Resources/Info.plist;
				INFOPLIST_KEY_UIApplicationSupportsIndirectInputEvents = YES;
				INFOPLIST_KEY_UILaunchStoryboardName = LaunchScreen;
				INFOPLIST_KEY_UISupportedInterfaceOrientations = UIInterfaceOrientationPortrait;
				INFOPLIST_KEY_UISupportedInterfaceOrientations_iPhone = UIInterfaceOrientationPortrait;
				IPHONEOS_DEPLOYMENT_TARGET = 15.0;
				LD_RUNPATH_SEARCH_PATHS = (
					"$(inherited)",
					"@executable_path/Frameworks",
				);
				MARKETING_VERSION = 1.0;
				PRODUCT_BUNDLE_IDENTIFIER = com.neugelb.Movies;
				PRODUCT_NAME = "$(TARGET_NAME)";
				SWIFT_EMIT_LOC_STRINGS = YES;
				SWIFT_VERSION = 5.0;
				TARGETED_DEVICE_FAMILY = 1;
			};
			name = Debug;
		};
		DEAFB9F328077B23008BE02E /* Release */ = {
			isa = XCBuildConfiguration;
			buildSettings = {
				ASSETCATALOG_COMPILER_APPICON_NAME = AppIcon;
				ASSETCATALOG_COMPILER_GLOBAL_ACCENT_COLOR_NAME = AccentColor;
				CODE_SIGN_STYLE = Automatic;
				CURRENT_PROJECT_VERSION = 1;
				GENERATE_INFOPLIST_FILE = YES;
				INFOPLIST_FILE = Movies/Resources/Info.plist;
				INFOPLIST_KEY_UIApplicationSupportsIndirectInputEvents = YES;
				INFOPLIST_KEY_UILaunchStoryboardName = LaunchScreen;
				INFOPLIST_KEY_UISupportedInterfaceOrientations = UIInterfaceOrientationPortrait;
				INFOPLIST_KEY_UISupportedInterfaceOrientations_iPhone = UIInterfaceOrientationPortrait;
				IPHONEOS_DEPLOYMENT_TARGET = 15.0;
				LD_RUNPATH_SEARCH_PATHS = (
					"$(inherited)",
					"@executable_path/Frameworks",
				);
				MARKETING_VERSION = 1.0;
				PRODUCT_BUNDLE_IDENTIFIER = com.neugelb.Movies;
				PRODUCT_NAME = "$(TARGET_NAME)";
				SWIFT_EMIT_LOC_STRINGS = YES;
				SWIFT_VERSION = 5.0;
				TARGETED_DEVICE_FAMILY = 1;
			};
			name = Release;
		};
/* End XCBuildConfiguration section */

/* Begin XCConfigurationList section */
		DEAFB9D828077B1F008BE02E /* Build configuration list for PBXProject "Movies" */ = {
			isa = XCConfigurationList;
			buildConfigurations = (
				DEAFB9EF28077B23008BE02E /* Debug */,
				DEAFB9F028077B23008BE02E /* Release */,
			);
			defaultConfigurationIsVisible = 0;
			defaultConfigurationName = Release;
		};
		DEAFB9F128077B23008BE02E /* Build configuration list for PBXNativeTarget "Movies" */ = {
			isa = XCConfigurationList;
			buildConfigurations = (
				DEAFB9F228077B23008BE02E /* Debug */,
				DEAFB9F328077B23008BE02E /* Release */,
			);
			defaultConfigurationIsVisible = 0;
			defaultConfigurationName = Release;
		};
/* End XCConfigurationList section */
	};
	rootObject = DEAFB9D528077B1F008BE02E /* Project object */;
}
